
Microsoft Visual Studio Solution File, Format Version 12.00
# Visual Studio Version 16
VisualStudioVersion = 16.0.30804.86
MinimumVisualStudioVersion = 10.0.40219.1
Project("{9A19103F-16F7-4668-BE54-9A1E7A4F7556}") = "SocketServer", "SocketServer\SocketServer.csproj", "{F8058FF5-3834-4C26-9340-9206473A5FFA}"
EndProject
Project("{9A19103F-16F7-4668-BE54-9A1E7A4F7556}") = "SocketClient", "SocketClient\SocketClient.csproj", "{247F50BD-142B-47A9-B2E1-264481266582}"
EndProject
Project("{FAE04EC0-301F-11D3-BF4B-00C04F79EFBC}") = "SoccerSimulation", "SoccerSimulation\SoccerSimulation.csproj", "{CAB27F0E-B76E-40E3-86B3-A49B162A83D5}"
EndProject
Global
	GlobalSection(SolutionConfigurationPlatforms) = preSolution
		Debug|Any CPU = Debug|Any CPU
		Release|Any CPU = Release|Any CPU
	EndGlobalSection
	GlobalSection(ProjectConfigurationPlatforms) = postSolution
		{F8058FF5-3834-4C26-9340-9206473A5FFA}.Debug|Any CPU.ActiveCfg = Debug|Any CPU
		{F8058FF5-3834-4C26-9340-9206473A5FFA}.Debug|Any CPU.Build.0 = Debug|Any CPU
		{F8058FF5-3834-4C26-9340-9206473A5FFA}.Release|Any CPU.ActiveCfg = Release|Any CPU
		{F8058FF5-3834-4C26-9340-9206473A5FFA}.Release|Any CPU.Build.0 = Release|Any CPU
		{247F50BD-142B-47A9-B2E1-264481266582}.Debug|Any CPU.ActiveCfg = Debug|Any CPU
		{247F50BD-142B-47A9-B2E1-264481266582}.Debug|Any CPU.Build.0 = Debug|Any CPU
		{247F50BD-142B-47A9-B2E1-264481266582}.Release|Any CPU.ActiveCfg = Release|Any CPU
		{247F50BD-142B-47A9-B2E1-264481266582}.Release|Any CPU.Build.0 = Release|Any CPU
		{CAB27F0E-B76E-40E3-86B3-A49B162A83D5}.Debug|Any CPU.ActiveCfg = Debug|Any CPU
		{CAB27F0E-B76E-40E3-86B3-A49B162A83D5}.Debug|Any CPU.Build.0 = Debug|Any CPU
		{CAB27F0E-B76E-40E3-86B3-A49B162A83D5}.Release|Any CPU.ActiveCfg = Release|Any CPU
		{CAB27F0E-B76E-40E3-86B3-A49B162A83D5}.Release|Any CPU.Build.0 = Release|Any CPU
	EndGlobalSection
	GlobalSection(SolutionProperties) = preSolution
		HideSolutionNode = FALSE
	EndGlobalSection
	GlobalSection(ExtensibilityGlobals) = postSolution
		SolutionGuid = {BD0549D0-FC04-422B-88A5-E0717E48C421}
	EndGlobalSection
EndGlobal
